{
  "name": "fauxYorkTimesRedux",
  "version": "1.0.0",
  "lockfileVersion": 1,
  "requires": true,
  "dependencies": {
    "async": {
      "version": "2.6.1",
      "resolved": "https://registry.npmjs.org/async/-/async-2.6.1.tgz",
      "integrity": "sha512-fNEiL2+AZt6AlAw/29Cr0UDe4sRAHCpEHh54WMz+Bb7QfNcFw4h3loofyJpLeQs4Yx7yuqu/2dLgM5hKOs6HlQ=="
    },
    "axios": {
      "version": "0.18.0",
      "resolved": "https://registry.npmjs.org/axios/-/axios-0.18.0.tgz",
      "integrity": "sha1-MtU+SFHv3AoRmTts0AB4nXDAUQI="
    },
    "body-parser": {
      "version": "1.18.3",
      "resolved": "https://registry.npmjs.org/body-parser/-/body-parser-1.18.3.tgz",
      "integrity": "sha1-WykhmP/dVTs6DyDe0FkrlWlVyLQ=",
      "requires": {
        "debug": "2.6.9"
      },
      "dependencies": {
        "debug": {
          "version": "2.6.9",
          "resolved": "https://registry.npmjs.org/debug/-/debug-2.6.9.tgz",
          "integrity": "sha512-bC7ElrdJaJnPbAP+1EotYvqZsb3ecl5wi6Bfi6BJTUcNowp6cvspg0jXznRTKDjm/E7AdgFBVeAPVMNcKGsHMA=="
        }
      }
    },
    "bson": {
      "version": "1.0.9",
      "resolved": "https://registry.npmjs.org/bson/-/bson-1.0.9.tgz",
      "integrity": "sha512-IQX9/h7WdMBIW/q/++tGd+emQr0XMdeZ6icnT/74Xk9fnabWn+gZgpE+9V+gujL3hhJOoNrnDVY7tWdzc7NUTg=="
    },
    "dotenv": {
      "version": "6.0.0",
      "resolved": "https://registry.npmjs.org/dotenv/-/dotenv-6.0.0.tgz",
      "integrity": "sha512-FlWbnhgjtwD+uNLUGHbMykMOYQaTivdHEmYwAKFjn6GKe/CqY0fNae93ZHTd20snh9ZLr8mTzIL9m0APQ1pjQg=="
    },
    "express": {
      "version": "4.16.3",
      "resolved": "https://registry.npmjs.org/express/-/express-4.16.3.tgz",
      "integrity": "sha1-avilAjUNsyRuzEvs9rWjTSL37VM=",
      "requires": {
        "body-parser": "1.18.2",
        "debug": "2.6.9",
        "qs": "6.5.1",
        "statuses": "1.4.0"
      },
      "dependencies": {
        "body-parser": {
          "version": "1.18.2",
          "resolved": "https://registry.npmjs.org/body-parser/-/body-parser-1.18.2.tgz",
          "integrity": "sha1-h2eKGdhLR9hZuDGZvVm84iKxBFQ=",
          "requires": {
            "debug": "2.6.9",
            "iconv-lite": "0.4.19",
            "qs": "6.5.1",
            "raw-body": "2.3.2"
          }
        },
        "debug": {
          "version": "2.6.9",
          "resolved": "https://registry.npmjs.org/debug/-/debug-2.6.9.tgz",
          "integrity": "sha512-bC7ElrdJaJnPbAP+1EotYvqZsb3ecl5wi6Bfi6BJTUcNowp6cvspg0jXznRTKDjm/E7AdgFBVeAPVMNcKGsHMA=="
        },
        "iconv-lite": {
          "version": "0.4.19",
          "resolved": "https://registry.npmjs.org/iconv-lite/-/iconv-lite-0.4.19.tgz",
          "integrity": "sha512-oTZqweIP51xaGPI4uPa56/Pri/480R+mo7SeU+YETByQNhDG55ycFyNLIgta9vXhILrxXDmF7ZGhqZIcuN0gJQ=="
        },
        "qs": {
          "version": "6.5.1",
          "resolved": "https://registry.npmjs.org/qs/-/qs-6.5.1.tgz",
          "integrity": "sha512-eRzhrN1WSINYCDCbrz796z37LOe3m5tmW7RQf6oBntukAG1nmovJvhnwHHRMAfeoItc1m2Hk02WER2aQ/iqs+A=="
        },
        "raw-body": {
          "version": "2.3.2",
          "resolved": "https://registry.npmjs.org/raw-body/-/raw-body-2.3.2.tgz",
          "integrity": "sha1-vNYMd9Prk83gBQKVw/N5OJvIj4k=",
          "requires": {
            "http-errors": "1.6.2",
            "iconv-lite": "0.4.19"
          },
          "dependencies": {
            "depd": {
              "version": "1.1.1",
              "resolved": "https://registry.npmjs.org/depd/-/depd-1.1.1.tgz",
              "integrity": "sha1-V4O04cRZ8G+lyif5kfPQbnoxA1k="
            },
            "http-errors": {
              "version": "1.6.2",
              "resolved": "https://registry.npmjs.org/http-errors/-/http-errors-1.6.2.tgz",
              "integrity": "sha1-CgAsyFcHGSp+eUbO7cERVfYOxzY=",
              "requires": {
                "depd": "1.1.1",
                "setprototypeof": "1.0.3",
                "statuses": "1.4.0"
              }
            },
            "setprototypeof": {
              "version": "1.0.3",
              "resolved": "https://registry.npmjs.org/setprototypeof/-/setprototypeof-1.0.3.tgz",
              "integrity": "sha1-ZlZ+NwQ+608E2RvWWMDL77VbjgQ="
            }
          }
        },
        "statuses": {
          "version": "1.4.0",
          "resolved": "https://registry.npmjs.org/statuses/-/statuses-1.4.0.tgz",
          "integrity": "sha512-zhSCtt8v2NDrRlPQpCNtw/heZLtfUDqxBM1udqikb/Hbk52LK4nQSwr10u77iopCW5LsyHpuXS0GnEc48mLeew=="
        }
      }
    },
    "invariant": {
      "version": "2.2.4",
      "resolved": "https://registry.npmjs.org/invariant/-/invariant-2.2.4.tgz",
      "integrity": "sha512-phJfQVBuaJM5raOpJjSfkiD6BpbCE4Ns//LaXl6wGYtUBY83nWS6Rf9tXm2e8VaK60JEjYldbPif/A2B1C2gNA==",
      "requires": {
        "loose-envify": "1.4.0"
      }
    },
    "js-tokens": {
      "version": "4.0.0",
      "resolved": "https://registry.npmjs.org/js-tokens/-/js-tokens-4.0.0.tgz",
      "integrity": "sha512-RdJUflcE3cUzKiMqQgsCu06FPu9UdIJO0beYbPhHN4k6apgJtifcoCtT9bcxOpYBtpD2kCM6Sbzg4CausW/PKQ=="
    },
    "kareem": {
      "version": "2.2.1",
      "resolved": "https://registry.npmjs.org/kareem/-/kareem-2.2.1.tgz",
      "integrity": "sha512-xpDFy8OxkFM+vK6pXy6JmH92ibeEFUuDWzas5M9L7MzVmHW3jzwAHxodCPV/BYkf4A31bVDLyonrMfp9RXb/oA=="
    },
    "lodash.get": {
      "version": "4.4.2",
      "resolved": "https://registry.npmjs.org/lodash.get/-/lodash.get-4.4.2.tgz",
      "integrity": "sha1-LRd/ZS+jHpObRDjVNBSZ36OCXpk="
    },
    "loose-envify": {
      "version": "1.4.0",
      "resolved": "https://registry.npmjs.org/loose-envify/-/loose-envify-1.4.0.tgz",
      "integrity": "sha512-lyuxPGr/Wfhrlem2CL/UcnUc1zcqKAImBDzukY7Y5F/yQiNdko6+fRLevlw1HgMySw7f611UIY408EtxRSoK3Q==",
      "requires": {
        "js-tokens": "4.0.0"
      }
    },
    "mime-db": {
      "version": "1.36.0",
      "resolved": "https://registry.npmjs.org/mime-db/-/mime-db-1.36.0.tgz",
      "integrity": "sha512-L+xvyD9MkoYMXb1jAmzI/lWYAxAMCPvIBSWur0PZ5nOf5euahRLVqH//FKW9mWp2lkqUgYiXPgkzfMUFi4zVDw=="
    },
    "mongoose": {
      "version": "5.2.10",
      "resolved": "https://registry.npmjs.org/mongoose/-/mongoose-5.2.10.tgz",
      "integrity": "sha512-v5GN3OtwtolgR2UeDFI3mSogC2YBc1wed81YAscxbKKU+7ulCLCIve8MzfJUKcOn4VvoRyrQFfSDYbuw13XSRA==",
      "requires": {
        "async": "2.6.1",
        "bson": "1.0.9",
        "kareem": "2.2.1",
        "lodash.get": "4.4.2",
        "safe-buffer": "5.1.2"
      },
      "dependencies": {
        "safe-buffer": {
          "version": "5.1.2",
          "resolved": "https://registry.npmjs.org/safe-buffer/-/safe-buffer-5.1.2.tgz",
          "integrity": "sha512-Gd2UZBJDkXlY7GbJxfsE8/nvKkUEU1G38c1siN6QP6a9PT9MmHB8GnpscSmMJSoF8LOIrt8ud/wPtojys4G6+g=="
        }
      }
    },
    "react-router-dom": {
      "version": "4.3.1",
      "resolved": "https://registry.npmjs.org/react-router-dom/-/react-router-dom-4.3.1.tgz",
      "integrity": "sha512-c/MlywfxDdCp7EnB7YfPMOfMD3tOtIjrQlj/CKfNMBxdmpJP8xcz5P/UAFn3JbnQCNUxsHyVVqllF9LhgVyFCA==",
      "requires": {
        "invariant": "2.2.4",
        "loose-envify": "1.4.0"
      }
    },
    "routes": {
      "version": "2.1.0",
      "resolved": "https://registry.npmjs.org/routes/-/routes-2.1.0.tgz",
      "integrity": "sha1-R1VxGSpI+ZtsBl3ZJrt16K6D6KI="
    }
  }
}
